
Microsoft Visual Studio Solution File, Format Version 12.00
# Visual Studio Version 16
VisualStudioVersion = 16.0.29209.62
MinimumVisualStudioVersion = 10.0.40219.1
Project("{FAE04EC0-301F-11D3-BF4B-00C04F79EFBC}") = "DapperDao", "DapperDao\DapperDao.csproj", "{B57D97C3-6BA2-4061-9A99-C6CB27F3C902}"
EndProject
Global
	GlobalSection(SolutionConfigurationPlatforms) = preSolution
		Debug|Any CPU = Debug|Any CPU
		Release|Any CPU = Release|Any CPU
	EndGlobalSection
	GlobalSection(ProjectConfigurationPlatforms) = postSolution
		{B57D97C3-6BA2-4061-9A99-C6CB27F3C902}.Debug|Any CPU.ActiveCfg = Debug|Any CPU
		{B57D97C3-6BA2-4061-9A99-C6CB27F3C902}.Debug|Any CPU.Build.0 = Debug|Any CPU
		{B57D97C3-6BA2-4061-9A99-C6CB27F3C902}.Release|Any CPU.ActiveCfg = Release|Any CPU
		{B57D97C3-6BA2-4061-9A99-C6CB27F3C902}.Release|Any CPU.Build.0 = Release|Any CPU
	EndGlobalSection
	GlobalSection(SolutionProperties) = preSolution
		HideSolutionNode = FALSE
	EndGlobalSection
	GlobalSection(ExtensibilityGlobals) = postSolution
		SolutionGuid = {850F48AD-0C11-412A-9F04-0EE3AC8D3AA1}
	EndGlobalSection
EndGlobal
